github.com/google/uuid v1.6.0 h1:NIvaJDMOsjHA8n1jAhLSgzrAzy1Hgr+hNrb57e+94F0=
github.com/google/uuid v1.6.0/go.mod h1:TIyPZe4MgqvfeYDBFedMoGGpEw/LqOeaOT+nhxU+yHo=
go.etcd.io/bbolt v1.3.9 h1:8x7aARPEXiXbHmtUwAIv7eV2fQFHrLLavdiJ3uzJXoI=
go.etcd.io/bbolt v1.3.9/go.mod h1:zaO32+Ti0PK1ivdPtgMESzuzL2VPoIG1PCQNvOdo/dE=
golang.org/x/sys v0.8.0 h1:EBmGv8NaZBZTWvrbjNoL6HVt+IVy3QDQpJs7VRIw3tU=
golang.org/x/sys v0.8.0/go.mod h1:oPkhp1MJrh7nUepCBck5+mAzfO9JrbApNNgaTdGDITg=
